
Microsoft Visual Studio Solution File, Format Version 12.00
# Visual Studio Version 17
VisualStudioVersion = 17.12.35527.113 d17.12
MinimumVisualStudioVersion = 10.0.40219.1
Project("{FAE04EC0-301F-11D3-BF4B-00C04F79EFBC}") = "projectPractice_241230", "projectPractice_241230\projectPractice_241230.csproj", "{B88C2BFB-5C83-44A8-BE06-AF7A8E07CBD5}"
EndProject
Global
	GlobalSection(SolutionConfigurationPlatforms) = preSolution
		Debug|Any CPU = Debug|Any CPU
		Release|Any CPU = Release|Any CPU
	EndGlobalSection
	GlobalSection(ProjectConfigurationPlatforms) = postSolution
		{B88C2BFB-5C83-44A8-BE06-AF7A8E07CBD5}.Debug|Any CPU.ActiveCfg = Debug|Any CPU
		{B88C2BFB-5C83-44A8-BE06-AF7A8E07CBD5}.Debug|Any CPU.Build.0 = Debug|Any CPU
		{B88C2BFB-5C83-44A8-BE06-AF7A8E07CBD5}.Release|Any CPU.ActiveCfg = Release|Any CPU
		{B88C2BFB-5C83-44A8-BE06-AF7A8E07CBD5}.Release|Any CPU.Build.0 = Release|Any CPU
	EndGlobalSection
	GlobalSection(SolutionProperties) = preSolution
		HideSolutionNode = FALSE
	EndGlobalSection
EndGlobal
